
Microsoft Visual Studio Solution File, Format Version 12.00
# Visual Studio Version 17
VisualStudioVersion = 17.8.34511.84
MinimumVisualStudioVersion = 10.0.40219.1
Project("{FAE04EC0-301F-11D3-BF4B-00C04F79EFBC}") = "IsAnagram", "anagram\IsAnagram.csproj", "{880F4DAD-2BEB-4565-BA2D-A71CBFD09B15}"
EndProject
Global
	GlobalSection(SolutionConfigurationPlatforms) = preSolution
		Debug|Any CPU = Debug|Any CPU
		Release|Any CPU = Release|Any CPU
	EndGlobalSection
	GlobalSection(ProjectConfigurationPlatforms) = postSolution
		{880F4DAD-2BEB-4565-BA2D-A71CBFD09B15}.Debug|Any CPU.ActiveCfg = Debug|Any CPU
		{880F4DAD-2BEB-4565-BA2D-A71CBFD09B15}.Debug|Any CPU.Build.0 = Debug|Any CPU
		{880F4DAD-2BEB-4565-BA2D-A71CBFD09B15}.Release|Any CPU.ActiveCfg = Release|Any CPU
		{880F4DAD-2BEB-4565-BA2D-A71CBFD09B15}.Release|Any CPU.Build.0 = Release|Any CPU
	EndGlobalSection
	GlobalSection(SolutionProperties) = preSolution
		HideSolutionNode = FALSE
	EndGlobalSection
	GlobalSection(ExtensibilityGlobals) = postSolution
		SolutionGuid = {579E3507-7B8B-4DF9-ADC6-1CAE2B363549}
	EndGlobalSection
EndGlobal
